
Microsoft Visual Studio Solution File, Format Version 12.00
# Visual Studio Version 16
VisualStudioVersion = 16.0.28516.95
MinimumVisualStudioVersion = 10.0.40219.1
Project("{9A19103F-16F7-4668-BE54-9A1E7A4F7556}") = "Dagger", "Dagger\Dagger.csproj", "{F7C60DA2-A34E-44C0-9709-44F58B9F7077}"
EndProject
Project("{FAE04EC0-301F-11D3-BF4B-00C04F79EFBC}") = "Tests", "Tests\Tests.csproj", "{4535CAC5-BE20-4219-8273-7336537C07A4}"
EndProject
Global
	GlobalSection(SolutionConfigurationPlatforms) = preSolution
		Debug|Any CPU = Debug|Any CPU
		Release|Any CPU = Release|Any CPU
	EndGlobalSection
	GlobalSection(ProjectConfigurationPlatforms) = postSolution
		{F7C60DA2-A34E-44C0-9709-44F58B9F7077}.Debug|Any CPU.ActiveCfg = Debug|Any CPU
		{F7C60DA2-A34E-44C0-9709-44F58B9F7077}.Debug|Any CPU.Build.0 = Debug|Any CPU
		{F7C60DA2-A34E-44C0-9709-44F58B9F7077}.Release|Any CPU.ActiveCfg = Release|Any CPU
		{F7C60DA2-A34E-44C0-9709-44F58B9F7077}.Release|Any CPU.Build.0 = Release|Any CPU
		{4535CAC5-BE20-4219-8273-7336537C07A4}.Debug|Any CPU.ActiveCfg = Debug|Any CPU
		{4535CAC5-BE20-4219-8273-7336537C07A4}.Debug|Any CPU.Build.0 = Debug|Any CPU
		{4535CAC5-BE20-4219-8273-7336537C07A4}.Release|Any CPU.ActiveCfg = Release|Any CPU
		{4535CAC5-BE20-4219-8273-7336537C07A4}.Release|Any CPU.Build.0 = Release|Any CPU
	EndGlobalSection
	GlobalSection(SolutionProperties) = preSolution
		HideSolutionNode = FALSE
	EndGlobalSection
	GlobalSection(ExtensibilityGlobals) = postSolution
		SolutionGuid = {3AE059A9-BEFA-4C2B-BB1A-B8868A3C09B0}
	EndGlobalSection
EndGlobal
